// !$*UTF8*$!
{
	archiveVersion = 1;
	classes = {
	};
	objectVersion = 50;
	objects = {

/* Begin PBXBuildFile section */
		0871917A230E3D9000BA26DA /* PageDetailViewController.swift in Sources */ = {isa = PBXBuildFile; fileRef = 08719179230E3D9000BA26DA /* PageDetailViewController.swift */; };
		973C2128230BB741000E0ECC /* TraditionalFoodModel.swift in Sources */ = {isa = PBXBuildFile; fileRef = 973C2127230BB741000E0ECC /* TraditionalFoodModel.swift */; };
		973C212A230BB755000E0ECC /* ProvinceModel.swift in Sources */ = {isa = PBXBuildFile; fileRef = 973C2129230BB754000E0ECC /* ProvinceModel.swift */; };
		973C212C230BB768000E0ECC /* CityModel.swift in Sources */ = {isa = PBXBuildFile; fileRef = 973C212B230BB768000E0ECC /* CityModel.swift */; };
		973C212E230BB77C000E0ECC /* BookmarkedModel.swift in Sources */ = {isa = PBXBuildFile; fileRef = 973C212D230BB77C000E0ECC /* BookmarkedModel.swift */; };
		A3F5B68E230CE6670033D15C /* PinterestLayout.swift in Sources */ = {isa = PBXBuildFile; fileRef = A3F5B68D230CE6670033D15C /* PinterestLayout.swift */; };
		A3F5B695230CEB740033D15C /* HomeCell.swift in Sources */ = {isa = PBXBuildFile; fileRef = A3F5B693230CEB740033D15C /* HomeCell.swift */; };
		A3F5B696230CEB740033D15C /* HomeCell.xib in Resources */ = {isa = PBXBuildFile; fileRef = A3F5B694230CEB740033D15C /* HomeCell.xib */; };
		A3F5B69B230D1AC50033D15C /* Assets.xcassets in Resources */ = {isa = PBXBuildFile; fileRef = A3F5B69A230D1AC50033D15C /* Assets.xcassets */; };
		FE750955230B905700CFA516 /* AppDelegate.swift in Sources */ = {isa = PBXBuildFile; fileRef = FE750954230B905700CFA516 /* AppDelegate.swift */; };
		FE75095A230B905700CFA516 /* Main.storyboard in Resources */ = {isa = PBXBuildFile; fileRef = FE750958230B905700CFA516 /* Main.storyboard */; };
		FE75095D230B905700CFA516 /* MC3_Culinary.xcdatamodeld in Sources */ = {isa = PBXBuildFile; fileRef = FE75095B230B905700CFA516 /* MC3_Culinary.xcdatamodeld */; };
		FE750962230B905900CFA516 /* LaunchScreen.storyboard in Resources */ = {isa = PBXBuildFile; fileRef = FE750960230B905900CFA516 /* LaunchScreen.storyboard */; };
		FE75096A230BB15F00CFA516 /* DiscoverViewController.swift in Sources */ = {isa = PBXBuildFile; fileRef = FE750969230BB15F00CFA516 /* DiscoverViewController.swift */; };
		FE75096C230BB18300CFA516 /* BookmarkViewController.swift in Sources */ = {isa = PBXBuildFile; fileRef = FE75096B230BB18300CFA516 /* BookmarkViewController.swift */; };
		FE75096E230BB19400CFA516 /* SearchViewController.swift in Sources */ = {isa = PBXBuildFile; fileRef = FE75096D230BB19400CFA516 /* SearchViewController.swift */; };
		FE750970230BB1A400CFA516 /* AddFoodViewController.swift in Sources */ = {isa = PBXBuildFile; fileRef = FE75096F230BB1A400CFA516 /* AddFoodViewController.swift */; };
/* End PBXBuildFile section */

/* Begin PBXFileReference section */
		08719179230E3D9000BA26DA /* PageDetailViewController.swift */ = {isa = PBXFileReference; lastKnownFileType = sourcecode.swift; path = PageDetailViewController.swift; sourceTree = "<group>"; };
		973C2127230BB741000E0ECC /* TraditionalFoodModel.swift */ = {isa = PBXFileReference; lastKnownFileType = sourcecode.swift; path = TraditionalFoodModel.swift; sourceTree = "<group>"; };
		973C2129230BB754000E0ECC /* ProvinceModel.swift */ = {isa = PBXFileReference; lastKnownFileType = sourcecode.swift; path = ProvinceModel.swift; sourceTree = "<group>"; };
		973C212B230BB768000E0ECC /* CityModel.swift */ = {isa = PBXFileReference; lastKnownFileType = sourcecode.swift; path = CityModel.swift; sourceTree = "<group>"; };
		973C212D230BB77C000E0ECC /* BookmarkedModel.swift */ = {isa = PBXFileReference; lastKnownFileType = sourcecode.swift; path = BookmarkedModel.swift; sourceTree = "<group>"; };
		A3F5B68D230CE6670033D15C /* PinterestLayout.swift */ = {isa = PBXFileReference; lastKnownFileType = sourcecode.swift; path = PinterestLayout.swift; sourceTree = "<group>"; };
		A3F5B693230CEB740033D15C /* HomeCell.swift */ = {isa = PBXFileReference; lastKnownFileType = sourcecode.swift; path = HomeCell.swift; sourceTree = "<group>"; };
		A3F5B694230CEB740033D15C /* HomeCell.xib */ = {isa = PBXFileReference; lastKnownFileType = file.xib; path = HomeCell.xib; sourceTree = "<group>"; };
		A3F5B69A230D1AC50033D15C /* Assets.xcassets */ = {isa = PBXFileReference; lastKnownFileType = folder.assetcatalog; path = Assets.xcassets; sourceTree = "<group>"; };
		FE750951230B905700CFA516 /* MC3_Culinary.app */ = {isa = PBXFileReference; explicitFileType = wrapper.application; includeInIndex = 0; path = MC3_Culinary.app; sourceTree = BUILT_PRODUCTS_DIR; };
		FE750954230B905700CFA516 /* AppDelegate.swift */ = {isa = PBXFileReference; lastKnownFileType = sourcecode.swift; path = AppDelegate.swift; sourceTree = "<group>"; };
		FE750959230B905700CFA516 /* Base */ = {isa = PBXFileReference; lastKnownFileType = file.storyboard; name = Base; path = Base.lproj/Main.storyboard; sourceTree = "<group>"; };
		FE75095C230B905700CFA516 /* MC3_Culinary.xcdatamodel */ = {isa = PBXFileReference; lastKnownFileType = wrapper.xcdatamodel; path = MC3_Culinary.xcdatamodel; sourceTree = "<group>"; };
		FE750961230B905900CFA516 /* Base */ = {isa = PBXFileReference; lastKnownFileType = file.storyboard; name = Base; path = Base.lproj/LaunchScreen.storyboard; sourceTree = "<group>"; };
		FE750963230B905900CFA516 /* Info.plist */ = {isa = PBXFileReference; lastKnownFileType = text.plist.xml; path = Info.plist; sourceTree = "<group>"; };
		FE750969230BB15F00CFA516 /* DiscoverViewController.swift */ = {isa = PBXFileReference; lastKnownFileType = sourcecode.swift; path = DiscoverViewController.swift; sourceTree = "<group>"; };
		FE75096B230BB18300CFA516 /* BookmarkViewController.swift */ = {isa = PBXFileReference; lastKnownFileType = sourcecode.swift; path = BookmarkViewController.swift; sourceTree = "<group>"; };
		FE75096D230BB19400CFA516 /* SearchViewController.swift */ = {isa = PBXFileReference; lastKnownFileType = sourcecode.swift; path = SearchViewController.swift; sourceTree = "<group>"; };
		FE75096F230BB1A400CFA516 /* AddFoodViewController.swift */ = {isa = PBXFileReference; lastKnownFileType = sourcecode.swift; path = AddFoodViewController.swift; sourceTree = "<group>"; };
/* End PBXFileReference section */

/* Begin PBXFrameworksBuildPhase section */
		FE75094E230B905700CFA516 /* Frameworks */ = {
			isa = PBXFrameworksBuildPhase;
			buildActionMask = 2147483647;
			files = (
			);
			runOnlyForDeploymentPostprocessing = 0;
		};
/* End PBXFrameworksBuildPhase section */

/* Begin PBXGroup section */
		A3F5B699230CFD900033D15C /* Layout */ = {
			isa = PBXGroup;
			children = (
				FE750969230BB15F00CFA516 /* DiscoverViewController.swift */,
				A3F5B68D230CE6670033D15C /* PinterestLayout.swift */,
				A3F5B693230CEB740033D15C /* HomeCell.swift */,
				A3F5B694230CEB740033D15C /* HomeCell.xib */,
			);
			path = Layout;
			sourceTree = "<group>";
		};
		FE750948230B905700CFA516 = {
			isa = PBXGroup;
			children = (
				FE750953230B905700CFA516 /* MC3_Culinary */,
				FE750952230B905700CFA516 /* Products */,
			);
			sourceTree = "<group>";
		};
		FE750952230B905700CFA516 /* Products */ = {
			isa = PBXGroup;
			children = (
				FE750951230B905700CFA516 /* MC3_Culinary.app */,
			);
			name = Products;
			sourceTree = "<group>";
		};
		FE750953230B905700CFA516 /* MC3_Culinary */ = {
			isa = PBXGroup;
			children = (
				A3F5B699230CFD900033D15C /* Layout */,
				FE750954230B905700CFA516 /* AppDelegate.swift */,
				973C2127230BB741000E0ECC /* TraditionalFoodModel.swift */,
				973C2129230BB754000E0ECC /* ProvinceModel.swift */,
				A3F5B69A230D1AC50033D15C /* Assets.xcassets */,
				973C212B230BB768000E0ECC /* CityModel.swift */,
				973C212D230BB77C000E0ECC /* BookmarkedModel.swift */,
				FE750958230B905700CFA516 /* Main.storyboard */,
				FE75096D230BB19400CFA516 /* SearchViewController.swift */,
				FE75096F230BB1A400CFA516 /* AddFoodViewController.swift */,
				FE75096B230BB18300CFA516 /* BookmarkViewController.swift */,
				FE750960230B905900CFA516 /* LaunchScreen.storyboard */,
				FE750963230B905900CFA516 /* Info.plist */,
				FE75095B230B905700CFA516 /* MC3_Culinary.xcdatamodeld */,
				08719179230E3D9000BA26DA /* PageDetailViewController.swift */,
			);
			path = MC3_Culinary;
			sourceTree = "<group>";
		};
/* End PBXGroup section */

/* Begin PBXNativeTarget section */
		FE750950230B905700CFA516 /* MC3_Culinary */ = {
			isa = PBXNativeTarget;
			buildConfigurationList = FE750966230B905900CFA516 /* Build configuration list for PBXNativeTarget "MC3_Culinary" */;
			buildPhases = (
				FE75094D230B905700CFA516 /* Sources */,
				FE75094E230B905700CFA516 /* Frameworks */,
				FE75094F230B905700CFA516 /* Resources */,
			);
			buildRules = (
			);
			dependencies = (
			);
			name = MC3_Culinary;
			productName = MC3_Culinary;
			productReference = FE750951230B905700CFA516 /* MC3_Culinary.app */;
			productType = "com.apple.product-type.application";
		};
/* End PBXNativeTarget section */

/* Begin PBXProject section */
		FE750949230B905700CFA516 /* Project object */ = {
			isa = PBXProject;
			attributes = {
				LastSwiftUpdateCheck = 1020;
				LastUpgradeCheck = 1020;
				ORGANIZATIONNAME = "Leonnardo Benjamin Hutama";
				TargetAttributes = {
					FE750950230B905700CFA516 = {
						CreatedOnToolsVersion = 10.2.1;
					};
				};
			};
			buildConfigurationList = FE75094C230B905700CFA516 /* Build configuration list for PBXProject "MC3_Culinary" */;
			compatibilityVersion = "Xcode 9.3";
			developmentRegion = en;
			hasScannedForEncodings = 0;
			knownRegions = (
				en,
				Base,
			);
			mainGroup = FE750948230B905700CFA516;
			productRefGroup = FE750952230B905700CFA516 /* Products */;
			projectDirPath = "";
			projectRoot = "";
			targets = (
				FE750950230B905700CFA516 /* MC3_Culinary */,
			);
		};
/* End PBXProject section */

/* Begin PBXResourcesBuildPhase section */
		FE75094F230B905700CFA516 /* Resources */ = {
			isa = PBXResourcesBuildPhase;
			buildActionMask = 2147483647;
			files = (
				FE750962230B905900CFA516 /* LaunchScreen.storyboard in Resources */,
				A3F5B696230CEB740033D15C /* HomeCell.xib in Resources */,
				A3F5B69B230D1AC50033D15C /* Assets.xcassets in Resources */,
				FE75095A230B905700CFA516 /* Main.storyboard in Resources */,
			);
			runOnlyForDeploymentPostprocessing = 0;
		};
/* End PBXResourcesBuildPhase section */

/* Begin PBXSourcesBuildPhase section */
		FE75094D230B905700CFA516 /* Sources */ = {
			isa = PBXSourcesBuildPhase;
			buildActionMask = 2147483647;
			files = (
				FE750970230BB1A400CFA516 /* AddFoodViewController.swift in Sources */,
				FE75096E230BB19400CFA516 /* SearchViewController.swift in Sources */,
				FE75096A230BB15F00CFA516 /* DiscoverViewController.swift in Sources */,
				FE75095D230B905700CFA516 /* MC3_Culinary.xcdatamodeld in Sources */,
				973C212E230BB77C000E0ECC /* BookmarkedModel.swift in Sources */,
				973C2128230BB741000E0ECC /* TraditionalFoodModel.swift in Sources */,
				973C212A230BB755000E0ECC /* ProvinceModel.swift in Sources */,
				A3F5B68E230CE6670033D15C /* PinterestLayout.swift in Sources */,
				0871917A230E3D9000BA26DA /* PageDetailViewController.swift in Sources */,
				FE750955230B905700CFA516 /* AppDelegate.swift in Sources */,
				FE75096C230BB18300CFA516 /* BookmarkViewController.swift in Sources */,
				A3F5B695230CEB740033D15C /* HomeCell.swift in Sources */,
				973C212C230BB768000E0ECC /* CityModel.swift in Sources */,
			);
			runOnlyForDeploymentPostprocessing = 0;
		};
/* End PBXSourcesBuildPhase section */

/* Begin PBXVariantGroup section */
		FE750958230B905700CFA516 /* Main.storyboard */ = {
			isa = PBXVariantGroup;
			children = (
				FE750959230B905700CFA516 /* Base */,
			);
			name = Main.storyboard;
			sourceTree = "<group>";
		};
		FE750960230B905900CFA516 /* LaunchScreen.storyboard */ = {
			isa = PBXVariantGroup;
			children = (
				FE750961230B905900CFA516 /* Base */,
			);
			name = LaunchScreen.storyboard;
			sourceTree = "<group>";
		};
/* End PBXVariantGroup section */

/* Begin XCBuildConfiguration section */
		FE750964230B905900CFA516 /* Debug */ = {
			isa = XCBuildConfiguration;
			buildSettings = {
				ALWAYS_SEARCH_USER_PATHS = NO;
				CLANG_ANALYZER_NONNULL = YES;
				CLANG_ANALYZER_NUMBER_OBJECT_CONVERSION = YES_AGGRESSIVE;
				CLANG_CXX_LANGUAGE_STANDARD = "gnu++14";
				CLANG_CXX_LIBRARY = "libc++";
				CLANG_ENABLE_MODULES = YES;
				CLANG_ENABLE_OBJC_ARC = YES;
				CLANG_ENABLE_OBJC_WEAK = YES;
				CLANG_WARN_BLOCK_CAPTURE_AUTORELEASING = YES;
				CLANG_WARN_BOOL_CONVERSION = YES;
				CLANG_WARN_COMMA = YES;
				CLANG_WARN_CONSTANT_CONVERSION = YES;
				CLANG_WARN_DEPRECATED_OBJC_IMPLEMENTATIONS = YES;
				CLANG_WARN_DIRECT_OBJC_ISA_USAGE = YES_ERROR;
				CLANG_WARN_DOCUMENTATION_COMMENTS = YES;
				CLANG_WARN_EMPTY_BODY = YES;
				CLANG_WARN_ENUM_CONVERSION = YES;
				CLANG_WARN_INFINITE_RECURSION = YES;
				CLANG_WARN_INT_CONVERSION = YES;
				CLANG_WARN_NON_LITERAL_NULL_CONVERSION = YES;
				CLANG_WARN_OBJC_IMPLICIT_RETAIN_SELF = YES;
				CLANG_WARN_OBJC_LITERAL_CONVERSION = YES;
				CLANG_WARN_OBJC_ROOT_CLASS = YES_ERROR;
				CLANG_WARN_RANGE_LOOP_ANALYSIS = YES;
				CLANG_WARN_STRICT_PROTOTYPES = YES;
				CLANG_WARN_SUSPICIOUS_MOVE = YES;
				CLANG_WARN_UNGUARDED_AVAILABILITY = YES_AGGRESSIVE;
				CLANG_WARN_UNREACHABLE_CODE = YES;
				CLANG_WARN__DUPLICATE_METHOD_MATCH = YES;
				CODE_SIGN_IDENTITY = "iPhone Developer";
				COPY_PHASE_STRIP = NO;
				DEBUG_INFORMATION_FORMAT = dwarf;
				ENABLE_STRICT_OBJC_MSGSEND = YES;
				ENABLE_TESTABILITY = YES;
				GCC_C_LANGUAGE_STANDARD = gnu11;
				GCC_DYNAMIC_NO_PIC = NO;
				GCC_NO_COMMON_BLOCKS = YES;
				GCC_OPTIMIZATION_LEVEL = 0;
				GCC_PREPROCESSOR_DEFINITIONS = (
					"DEBUG=1",
					"$(inherited)",
				);
				GCC_WARN_64_TO_32_BIT_CONVERSION = YES;
				GCC_WARN_ABOUT_RETURN_TYPE = YES_ERROR;
				GCC_WARN_UNDECLARED_SELECTOR = YES;
				GCC_WARN_UNINITIALIZED_AUTOS = YES_AGGRESSIVE;
				GCC_WARN_UNUSED_FUNCTION = YES;
				GCC_WARN_UNUSED_VARIABLE = YES;
				IPHONEOS_DEPLOYMENT_TARGET = 12.2;
				MTL_ENABLE_DEBUG_INFO = INCLUDE_SOURCE;
				MTL_FAST_MATH = YES;
				ONLY_ACTIVE_ARCH = YES;
				SDKROOT = iphoneos;
				SWIFT_ACTIVE_COMPILATION_CONDITIONS = DEBUG;
				SWIFT_OPTIMIZATION_LEVEL = "-Onone";
			};
			name = Debug;
		};
		FE750965230B905900CFA516 /* Release */ = {
			isa = XCBuildConfiguration;
			buildSettings = {
				ALWAYS_SEARCH_USER_PATHS = NO;
				CLANG_ANALYZER_NONNULL = YES;
				CLANG_ANALYZER_NUMBER_OBJECT_CONVERSION = YES_AGGRESSIVE;
				CLANG_CXX_LANGUAGE_STANDARD = "gnu++14";
				CLANG_CXX_LIBRARY = "libc++";
				CLANG_ENABLE_MODULES = YES;
				CLANG_ENABLE_OBJC_ARC = YES;
				CLANG_ENABLE_OBJC_WEAK = YES;
				CLANG_WARN_BLOCK_CAPTURE_AUTORELEASING = YES;
				CLANG_WARN_BOOL_CONVERSION = YES;
				CLANG_WARN_COMMA = YES;
				CLANG_WARN_CONSTANT_CONVERSION = YES;
				CLANG_WARN_DEPRECATED_OBJC_IMPLEMENTATIONS = YES;
				CLANG_WARN_DIRECT_OBJC_ISA_USAGE = YES_ERROR;
				CLANG_WARN_DOCUMENTATION_COMMENTS = YES;
				CLANG_WARN_EMPTY_BODY = YES;
				CLANG_WARN_ENUM_CONVERSION = YES;
				CLANG_WARN_INFINITE_RECURSION = YES;
				CLANG_WARN_INT_CONVERSION = YES;
				CLANG_WARN_NON_LITERAL_NULL_CONVERSION = YES;
				CLANG_WARN_OBJC_IMPLICIT_RETAIN_SELF = YES;
				CLANG_WARN_OBJC_LITERAL_CONVERSION = YES;
				CLANG_WARN_OBJC_ROOT_CLASS = YES_ERROR;
				CLANG_WARN_RANGE_LOOP_ANALYSIS = YES;
				CLANG_WARN_STRICT_PROTOTYPES = YES;
				CLANG_WARN_SUSPICIOUS_MOVE = YES;
				CLANG_WARN_UNGUARDED_AVAILABILITY = YES_AGGRESSIVE;
				CLANG_WARN_UNREACHABLE_CODE = YES;
				CLANG_WARN__DUPLICATE_METHOD_MATCH = YES;
				CODE_SIGN_IDENTITY = "iPhone Developer";
				COPY_PHASE_STRIP = NO;
				DEBUG_INFORMATION_FORMAT = "dwarf-with-dsym";
				ENABLE_NS_ASSERTIONS = NO;
				ENABLE_STRICT_OBJC_MSGSEND = YES;
				GCC_C_LANGUAGE_STANDARD = gnu11;
				GCC_NO_COMMON_BLOCKS = YES;
				GCC_WARN_64_TO_32_BIT_CONVERSION = YES;
				GCC_WARN_ABOUT_RETURN_TYPE = YES_ERROR;
				GCC_WARN_UNDECLARED_SELECTOR = YES;
				GCC_WARN_UNINITIALIZED_AUTOS = YES_AGGRESSIVE;
				GCC_WARN_UNUSED_FUNCTION = YES;
				GCC_WARN_UNUSED_VARIABLE = YES;
				IPHONEOS_DEPLOYMENT_TARGET = 12.2;
				MTL_ENABLE_DEBUG_INFO = NO;
				MTL_FAST_MATH = YES;
				SDKROOT = iphoneos;
				SWIFT_COMPILATION_MODE = wholemodule;
				SWIFT_OPTIMIZATION_LEVEL = "-O";
				VALIDATE_PRODUCT = YES;
			};
			name = Release;
		};
		FE750967230B905900CFA516 /* Debug */ = {
			isa = XCBuildConfiguration;
			buildSettings = {
				ASSETCATALOG_COMPILER_APPICON_NAME = AppIcon;
				CODE_SIGN_STYLE = Automatic;
				DEVELOPMENT_TEAM = MZRSNJ29G3;
				INFOPLIST_FILE = MC3_Culinary/Info.plist;
				LD_RUNPATH_SEARCH_PATHS = (
					"$(inherited)",
					"@executable_path/Frameworks",
				);
				PRODUCT_BUNDLE_IDENTIFIER = "com.leonn.MC3-Culinary";
				PRODUCT_NAME = "$(TARGET_NAME)";
				SWIFT_VERSION = 5.0;
				TARGETED_DEVICE_FAMILY = "1,2";
			};
			name = Debug;
		};
		FE750968230B905900CFA516 /* Release */ = {
			isa = XCBuildConfiguration;
			buildSettings = {
				ASSETCATALOG_COMPILER_APPICON_NAME = AppIcon;
				CODE_SIGN_STYLE = Automatic;
				DEVELOPMENT_TEAM = MZRSNJ29G3;
				INFOPLIST_FILE = MC3_Culinary/Info.plist;
				LD_RUNPATH_SEARCH_PATHS = (
					"$(inherited)",
					"@executable_path/Frameworks",
				);
				PRODUCT_BUNDLE_IDENTIFIER = "com.leonn.MC3-Culinary";
				PRODUCT_NAME = "$(TARGET_NAME)";
				SWIFT_VERSION = 5.0;
				TARGETED_DEVICE_FAMILY = "1,2";
			};
			name = Release;
		};
/* End XCBuildConfiguration section */

/* Begin XCConfigurationList section */
		FE75094C230B905700CFA516 /* Build configuration list for PBXProject "MC3_Culinary" */ = {
			isa = XCConfigurationList;
			buildConfigurations = (
				FE750964230B905900CFA516 /* Debug */,
				FE750965230B905900CFA516 /* Release */,
			);
			defaultConfigurationIsVisible = 0;
			defaultConfigurationName = Release;
		};
		FE750966230B905900CFA516 /* Build configuration list for PBXNativeTarget "MC3_Culinary" */ = {
			isa = XCConfigurationList;
			buildConfigurations = (
				FE750967230B905900CFA516 /* Debug */,
				FE750968230B905900CFA516 /* Release */,
			);
			defaultConfigurationIsVisible = 0;
			defaultConfigurationName = Release;
		};
/* End XCConfigurationList section */

/* Begin XCVersionGroup section */
		FE75095B230B905700CFA516 /* MC3_Culinary.xcdatamodeld */ = {
			isa = XCVersionGroup;
			children = (
				FE75095C230B905700CFA516 /* MC3_Culinary.xcdatamodel */,
			);
			currentVersion = FE75095C230B905700CFA516 /* MC3_Culinary.xcdatamodel */;
			path = MC3_Culinary.xcdatamodeld;
			sourceTree = "<group>";
			versionGroupType = wrapper.xcdatamodel;
		};
/* End XCVersionGroup section */
	};
	rootObject = FE750949230B905700CFA516 /* Project object */;
}
